
Microsoft Visual Studio Solution File, Format Version 12.00
# Visual Studio 15
VisualStudioVersion = 15.0.28010.2036
MinimumVisualStudioVersion = 10.0.40219.1
Project("{FAE04EC0-301F-11D3-BF4B-00C04F79EFBC}") = "SalesWebMvc", "SalesWebMvc\SalesWebMvc.csproj", "{D38DE691-336E-48D8-900E-53650D3842A8}"
EndProject
Global
	GlobalSection(SolutionConfigurationPlatforms) = preSolution
		Debug|Any CPU = Debug|Any CPU
		Release|Any CPU = Release|Any CPU
	EndGlobalSection
	GlobalSection(ProjectConfigurationPlatforms) = postSolution
		{D38DE691-336E-48D8-900E-53650D3842A8}.Debug|Any CPU.ActiveCfg = Debug|Any CPU
		{D38DE691-336E-48D8-900E-53650D3842A8}.Debug|Any CPU.Build.0 = Debug|Any CPU
		{D38DE691-336E-48D8-900E-53650D3842A8}.Release|Any CPU.ActiveCfg = Release|Any CPU
		{D38DE691-336E-48D8-900E-53650D3842A8}.Release|Any CPU.Build.0 = Release|Any CPU
	EndGlobalSection
	GlobalSection(SolutionProperties) = preSolution
		HideSolutionNode = FALSE
	EndGlobalSection
	GlobalSection(ExtensibilityGlobals) = postSolution
		SolutionGuid = {28FCC1E5-9069-445A-8543-2F0D659E0BC6}
	EndGlobalSection
EndGlobal
